
Microsoft Visual Studio Solution File, Format Version 12.00
# Visual Studio Version 16
VisualStudioVersion = 16.0.31105.61
MinimumVisualStudioVersion = 10.0.40219.1
Project("{8BC9CEB8-8B4A-11D0-8D11-00A0C91BC942}") = "MineSweeper1", "MineSweeper1.vcxproj", "{EFCD4F77-C32D-4CCF-897B-CD58F153DC4C}"
EndProject
Global
	GlobalSection(SolutionConfigurationPlatforms) = preSolution
		Debug|x64 = Debug|x64
		Debug|x86 = Debug|x86
		Release|x64 = Release|x64
		Release|x86 = Release|x86
	EndGlobalSection
	GlobalSection(ProjectConfigurationPlatforms) = postSolution
		{EFCD4F77-C32D-4CCF-897B-CD58F153DC4C}.Debug|x64.ActiveCfg = Debug|x64
		{EFCD4F77-C32D-4CCF-897B-CD58F153DC4C}.Debug|x64.Build.0 = Debug|x64
		{EFCD4F77-C32D-4CCF-897B-CD58F153DC4C}.Debug|x86.ActiveCfg = Debug|Win32
		{EFCD4F77-C32D-4CCF-897B-CD58F153DC4C}.Debug|x86.Build.0 = Debug|Win32
		{EFCD4F77-C32D-4CCF-897B-CD58F153DC4C}.Release|x64.ActiveCfg = Release|x64
		{EFCD4F77-C32D-4CCF-897B-CD58F153DC4C}.Release|x64.Build.0 = Release|x64
		{EFCD4F77-C32D-4CCF-897B-CD58F153DC4C}.Release|x86.ActiveCfg = Release|Win32
		{EFCD4F77-C32D-4CCF-897B-CD58F153DC4C}.Release|x86.Build.0 = Release|Win32
	EndGlobalSection
	GlobalSection(SolutionProperties) = preSolution
		HideSolutionNode = FALSE
	EndGlobalSection
	GlobalSection(ExtensibilityGlobals) = postSolution
		SolutionGuid = {C94D2DC5-7740-49FF-B22D-DFFC9706F175}
	EndGlobalSection
EndGlobal
